PODS:
  - CRRefresh (1.1.3)
  - SVProgressHUD (2.2.5)

DEPENDENCIES:
  - CRRefresh
  - SVProgressHUD

SPEC REPOS:
  trunk:
    - CRRefresh
    - SVProgressHUD

SPEC CHECKSUMS:
  CRRefresh: 1415d4ae06837fa7bb064c44f2e102f3ef517044
  SVProgressHUD: 1428aafac632c1f86f62aa4243ec12008d7a51d6

PODFILE CHECKSUM: 6bbd90f423231ceae1a439f37abd245976d13733

COCOAPODS: 1.9.3
